
Microsoft Visual Studio Solution File, Format Version 12.00
# Visual Studio Version 17
VisualStudioVersion = 17.7.34221.43
MinimumVisualStudioVersion = 10.0.40219.1
Project("{FAE04EC0-301F-11D3-BF4B-00C04F79EFBC}") = "ConAppTwo", "ConAppTwo\ConAppTwo.csproj", "{C875EB80-B185-4800-ABE3-D88CB0150FB2}"
EndProject
Global
	GlobalSection(SolutionConfigurationPlatforms) = preSolution
		Debug|Any CPU = Debug|Any CPU
		Release|Any CPU = Release|Any CPU
	EndGlobalSection
	GlobalSection(ProjectConfigurationPlatforms) = postSolution
		{C875EB80-B185-4800-ABE3-D88CB0150FB2}.Debug|Any CPU.ActiveCfg = Debug|Any CPU
		{C875EB80-B185-4800-ABE3-D88CB0150FB2}.Debug|Any CPU.Build.0 = Debug|Any CPU
		{C875EB80-B185-4800-ABE3-D88CB0150FB2}.Release|Any CPU.ActiveCfg = Release|Any CPU
		{C875EB80-B185-4800-ABE3-D88CB0150FB2}.Release|Any CPU.Build.0 = Release|Any CPU
	EndGlobalSection
	GlobalSection(SolutionProperties) = preSolution
		HideSolutionNode = FALSE
	EndGlobalSection
	GlobalSection(ExtensibilityGlobals) = postSolution
		SolutionGuid = {4C0EC9BD-524C-4B21-92A4-2AEC20B0AB08}
	EndGlobalSection
EndGlobal
